
Microsoft Visual Studio Solution File, Format Version 12.00
# Visual Studio 15
VisualStudioVersion = 15.0.26430.6
MinimumVisualStudioVersion = 10.0.40219.1
Project("{FAE04EC0-301F-11D3-BF4B-00C04F79EFBC}") = "Game.Android", "Game\Game.Android\Game.Android.csproj", "{A8EC0C81-9223-43CD-9AB4-0A2D38D1EBCE}"
EndProject
Project("{FAE04EC0-301F-11D3-BF4B-00C04F79EFBC}") = "Game", "Game\Game\Game.csproj", "{C057C21B-AEA0-4728-9423-D66BF117668F}"
EndProject
Project("{FAE04EC0-301F-11D3-BF4B-00C04F79EFBC}") = "Game.UWP", "Game\Game.UWP\Game.UWP.csproj", "{EE6378DA-D28C-4E14-9FFC-75FBAF34E0BE}"
EndProject
Project("{FAE04EC0-301F-11D3-BF4B-00C04F79EFBC}") = "Game.iOS", "Game\Game.iOS\Game.iOS.csproj", "{B5D3F745-B13F-47A0-9DDB-7382C96D37C9}"
EndProject
Global
	GlobalSection(SolutionConfigurationPlatforms) = preSolution
		Ad-Hoc|Any CPU = Ad-Hoc|Any CPU
		Ad-Hoc|ARM = Ad-Hoc|ARM
		Ad-Hoc|iPhone = Ad-Hoc|iPhone
		Ad-Hoc|iPhoneSimulator = Ad-Hoc|iPhoneSimulator
		Ad-Hoc|x64 = Ad-Hoc|x64
		Ad-Hoc|x86 = Ad-Hoc|x86
		AppStore|Any CPU = AppStore|Any CPU
		AppStore|ARM = AppStore|ARM
		AppStore|iPhone = AppStore|iPhone
		AppStore|iPhoneSimulator = AppStore|iPhoneSimulator
		AppStore|x64 = AppStore|x64
		AppStore|x86 = AppStore|x86
		Debug|Any CPU = Debug|Any CPU
		Debug|ARM = Debug|ARM
		Debug|iPhone = Debug|iPhone
		Debug|iPhoneSimulator = Debug|iPhoneSimulator
		Debug|x64 = Debug|x64
		Debug|x86 = Debug|x86
		Release|Any CPU = Release|Any CPU
		Release|ARM = Release|ARM
		Release|iPhone = Release|iPhone
		Release|iPhoneSimulator = Release|iPhoneSimulator
		Release|x64 = Release|x64
		Release|x86 = Release|x86
	EndGlobalSection
	GlobalSection(ProjectConfigurationPlatforms) = postSolution
		{A8EC0C81-9223-43CD-9AB4-0A2D38D1EBCE}.Ad-Hoc|Any CPU.ActiveCfg = Release|Any CPU
		{A8EC0C81-9223-43CD-9AB4-0A2D38D1EBCE}.Ad-Hoc|Any CPU.Build.0 = Release|Any CPU
		{A8EC0C81-9223-43CD-9AB4-0A2D38D1EBCE}.Ad-Hoc|Any CPU.Deploy.0 = Release|Any CPU
		{A8EC0C81-9223-43CD-9AB4-0A2D38D1EBCE}.Ad-Hoc|ARM.ActiveCfg = Release|Any CPU
		{A8EC0C81-9223-43CD-9AB4-0A2D38D1EBCE}.Ad-Hoc|ARM.Build.0 = Release|Any CPU
		{A8EC0C81-9223-43CD-9AB4-0A2D38D1EBCE}.Ad-Hoc|ARM.Deploy.0 = Release|Any CPU
		{A8EC0C81-9223-43CD-9AB4-0A2D38D1EBCE}.Ad-Hoc|iPhone.ActiveCfg = Release|Any CPU
		{A8EC0C81-9223-43CD-9AB4-0A2D38D1EBCE}.Ad-Hoc|iPhone.Build.0 = Release|Any CPU
		{A8EC0C81-9223-43CD-9AB4-0A2D38D1EBCE}.Ad-Hoc|iPhone.Deploy.0 = Release|Any CPU
		{A8EC0C81-9223-43CD-9AB4-0A2D38D1EBCE}.Ad-Hoc|iPhoneSimulator.ActiveCfg = Release|Any CPU
		{A8EC0C81-9223-43CD-9AB4-0A2D38D1EBCE}.Ad-Hoc|iPhoneSimulator.Build.0 = Release|Any CPU
		{A8EC0C81-9223-43CD-9AB4-0A2D38D1EBCE}.Ad-Hoc|iPhoneSimulator.Deploy.0 = Release|Any CPU
		{A8EC0C81-9223-43CD-9AB4-0A2D38D1EBCE}.Ad-Hoc|x64.ActiveCfg = Release|Any CPU
		{A8EC0C81-9223-43CD-9AB4-0A2D38D1EBCE}.Ad-Hoc|x64.Build.0 = Release|Any CPU
		{A8EC0C81-9223-43CD-9AB4-0A2D38D1EBCE}.Ad-Hoc|x64.Deploy.0 = Release|Any CPU
		{A8EC0C81-9223-43CD-9AB4-0A2D38D1EBCE}.Ad-Hoc|x86.ActiveCfg = Release|Any CPU
		{A8EC0C81-9223-43CD-9AB4-0A2D38D1EBCE}.Ad-Hoc|x86.Build.0 = Release|Any CPU
		{A8EC0C81-9223-43CD-9AB4-0A2D38D1EBCE}.Ad-Hoc|x86.Deploy.0 = Release|Any CPU
		{A8EC0C81-9223-43CD-9AB4-0A2D38D1EBCE}.AppStore|Any CPU.ActiveCfg = Release|Any CPU
		{A8EC0C81-9223-43CD-9AB4-0A2D38D1EBCE}.AppStore|Any CPU.Build.0 = Release|Any CPU
		{A8EC0C81-9223-43CD-9AB4-0A2D38D1EBCE}.AppStore|Any CPU.Deploy.0 = Release|Any CPU
		{A8EC0C81-9223-43CD-9AB4-0A2D38D1EBCE}.AppStore|ARM.ActiveCfg = Release|Any CPU
		{A8EC0C81-9223-43CD-9AB4-0A2D38D1EBCE}.AppStore|ARM.Build.0 = Release|Any CPU
		{A8EC0C81-9223-43CD-9AB4-0A2D38D1EBCE}.AppStore|ARM.Deploy.0 = Release|Any CPU
		{A8EC0C81-9223-43CD-9AB4-0A2D38D1EBCE}.AppStore|iPhone.ActiveCfg = Release|Any CPU
		{A8EC0C81-9223-43CD-9AB4-0A2D38D1EBCE}.AppStore|iPhone.Build.0 = Release|Any CPU
		{A8EC0C81-9223-43CD-9AB4-0A2D38D1EBCE}.AppStore|iPhone.Deploy.0 = Release|Any CPU
		{A8EC0C81-9223-43CD-9AB4-0A2D38D1EBCE}.AppStore|iPhoneSimulator.ActiveCfg = Release|Any CPU
		{A8EC0C81-9223-43CD-9AB4-0A2D38D1EBCE}.AppStore|iPhoneSimulator.Build.0 = Release|Any CPU
		{A8EC0C81-9223-43CD-9AB4-0A2D38D1EBCE}.AppStore|iPhoneSimulator.Deploy.0 = Release|Any CPU
		{A8EC0C81-9223-43CD-9AB4-0A2D38D1EBCE}.AppStore|x64.ActiveCfg = Release|Any CPU
		{A8EC0C81-9223-43CD-9AB4-0A2D38D1EBCE}.AppStore|x64.Build.0 = Release|Any CPU
		{A8EC0C81-9223-43CD-9AB4-0A2D38D1EBCE}.AppStore|x64.Deploy.0 = Release|Any CPU
		{A8EC0C81-9223-43CD-9AB4-0A2D38D1EBCE}.AppStore|x86.ActiveCfg = Release|Any CPU
		{A8EC0C81-9223-43CD-9AB4-0A2D38D1EBCE}.AppStore|x86.Build.0 = Release|Any CPU
		{A8EC0C81-9223-43CD-9AB4-0A2D38D1EBCE}.AppStore|x86.Deploy.0 = Release|Any CPU
		{A8EC0C81-9223-43CD-9AB4-0A2D38D1EBCE}.Debug|Any CPU.ActiveCfg = Debug|Any CPU
		{A8EC0C81-9223-43CD-9AB4-0A2D38D1EBCE}.Debug|Any CPU.Build.0 = Debug|Any CPU
		{A8EC0C81-9223-43CD-9AB4-0A2D38D1EBCE}.Debug|Any CPU.Deploy.0 = Debug|Any CPU
		{A8EC0C81-9223-43CD-9AB4-0A2D38D1EBCE}.Debug|ARM.ActiveCfg = Debug|Any CPU
		{A8EC0C81-9223-43CD-9AB4-0A2D38D1EBCE}.Debug|ARM.Build.0 = Debug|Any CPU
		{A8EC0C81-9223-43CD-9AB4-0A2D38D1EBCE}.Debug|ARM.Deploy.0 = Debug|Any CPU
		{A8EC0C81-9223-43CD-9AB4-0A2D38D1EBCE}.Debug|iPhone.ActiveCfg = Debug|Any CPU
		{A8EC0C81-9223-43CD-9AB4-0A2D38D1EBCE}.Debug|iPhone.Build.0 = Debug|Any CPU
		{A8EC0C81-9223-43CD-9AB4-0A2D38D1EBCE}.Debug|iPhone.Deploy.0 = Debug|Any CPU
		{A8EC0C81-9223-43CD-9AB4-0A2D38D1EBCE}.Debug|iPhoneSimulator.ActiveCfg = Debug|Any CPU
		{A8EC0C81-9223-43CD-9AB4-0A2D38D1EBCE}.Debug|iPhoneSimulator.Build.0 = Debug|Any CPU
		{A8EC0C81-9223-43CD-9AB4-0A2D38D1EBCE}.Debug|iPhoneSimulator.Deploy.0 = Debug|Any CPU
		{A8EC0C81-9223-43CD-9AB4-0A2D38D1EBCE}.Debug|x64.ActiveCfg = Debug|Any CPU
		{A8EC0C81-9223-43CD-9AB4-0A2D38D1EBCE}.Debug|x64.Build.0 = Debug|Any CPU
		{A8EC0C81-9223-43CD-9AB4-0A2D38D1EBCE}.Debug|x64.Deploy.0 = Debug|Any CPU
		{A8EC0C81-9223-43CD-9AB4-0A2D38D1EBCE}.Debug|x86.ActiveCfg = Debug|Any CPU
		{A8EC0C81-9223-43CD-9AB4-0A2D38D1EBCE}.Debug|x86.Build.0 = Debug|Any CPU
		{A8EC0C81-9223-43CD-9AB4-0A2D38D1EBCE}.Debug|x86.Deploy.0 = Debug|Any CPU
		{A8EC0C81-9223-43CD-9AB4-0A2D38D1EBCE}.Release|Any CPU.ActiveCfg = Release|Any CPU
		{A8EC0C81-9223-43CD-9AB4-0A2D38D1EBCE}.Release|Any CPU.Build.0 = Release|Any CPU
		{A8EC0C81-9223-43CD-9AB4-0A2D38D1EBCE}.Release|Any CPU.Deploy.0 = Release|Any CPU
		{A8EC0C81-9223-43CD-9AB4-0A2D38D1EBCE}.Release|ARM.ActiveCfg = Release|Any CPU
		{A8EC0C81-9223-43CD-9AB4-0A2D38D1EBCE}.Release|ARM.Build.0 = Release|Any CPU
		{A8EC0C81-9223-43CD-9AB4-0A2D38D1EBCE}.Release|ARM.Deploy.0 = Release|Any CPU
		{A8EC0C81-9223-43CD-9AB4-0A2D38D1EBCE}.Release|iPhone.ActiveCfg = Release|Any CPU
		{A8EC0C81-9223-43CD-9AB4-0A2D38D1EBCE}.Release|iPhone.Build.0 = Release|Any CPU
		{A8EC0C81-9223-43CD-9AB4-0A2D38D1EBCE}.Release|iPhone.Deploy.0 = Release|Any CPU
		{A8EC0C81-9223-43CD-9AB4-0A2D38D1EBCE}.Release|iPhoneSimulator.ActiveCfg = Release|Any CPU
		{A8EC0C81-9223-43CD-9AB4-0A2D38D1EBCE}.Release|iPhoneSimulator.Build.0 = Release|Any CPU
		{A8EC0C81-9223-43CD-9AB4-0A2D38D1EBCE}.Release|iPhoneSimulator.Deploy.0 = Release|Any CPU
		{A8EC0C81-9223-43CD-9AB4-0A2D38D1EBCE}.Release|x64.ActiveCfg = Release|Any CPU
		{A8EC0C81-9223-43CD-9AB4-0A2D38D1EBCE}.Release|x64.Build.0 = Release|Any CPU
		{A8EC0C81-9223-43CD-9AB4-0A2D38D1EBCE}.Release|x64.Deploy.0 = Release|Any CPU
		{A8EC0C81-9223-43CD-9AB4-0A2D38D1EBCE}.Release|x86.ActiveCfg = Release|Any CPU
		{A8EC0C81-9223-43CD-9AB4-0A2D38D1EBCE}.Release|x86.Build.0 = Release|Any CPU
		{A8EC0C81-9223-43CD-9AB4-0A2D38D1EBCE}.Release|x86.Deploy.0 = Release|Any CPU
		{C057C21B-AEA0-4728-9423-D66BF117668F}.Ad-Hoc|Any CPU.ActiveCfg = Release|Any CPU
		{C057C21B-AEA0-4728-9423-D66BF117668F}.Ad-Hoc|Any CPU.Build.0 = Release|Any CPU
		{C057C21B-AEA0-4728-9423-D66BF117668F}.Ad-Hoc|ARM.ActiveCfg = Release|Any CPU
		{C057C21B-AEA0-4728-9423-D66BF117668F}.Ad-Hoc|ARM.Build.0 = Release|Any CPU
		{C057C21B-AEA0-4728-9423-D66BF117668F}.Ad-Hoc|iPhone.ActiveCfg = Release|Any CPU
		{C057C21B-AEA0-4728-9423-D66BF117668F}.Ad-Hoc|iPhone.Build.0 = Release|Any CPU
		{C057C21B-AEA0-4728-9423-D66BF117668F}.Ad-Hoc|iPhoneSimulator.ActiveCfg = Release|Any CPU
		{C057C21B-AEA0-4728-9423-D66BF117668F}.Ad-Hoc|iPhoneSimulator.Build.0 = Release|Any CPU
		{C057C21B-AEA0-4728-9423-D66BF117668F}.Ad-Hoc|x64.ActiveCfg = Release|Any CPU
		{C057C21B-AEA0-4728-9423-D66BF117668F}.Ad-Hoc|x64.Build.0 = Release|Any CPU
		{C057C21B-AEA0-4728-9423-D66BF117668F}.Ad-Hoc|x86.ActiveCfg = Release|Any CPU
		{C057C21B-AEA0-4728-9423-D66BF117668F}.Ad-Hoc|x86.Build.0 = Release|Any CPU
		{C057C21B-AEA0-4728-9423-D66BF117668F}.AppStore|Any CPU.ActiveCfg = Release|Any CPU
		{C057C21B-AEA0-4728-9423-D66BF117668F}.AppStore|Any CPU.Build.0 = Release|Any CPU
		{C057C21B-AEA0-4728-9423-D66BF117668F}.AppStore|ARM.ActiveCfg = Release|Any CPU
		{C057C21B-AEA0-4728-9423-D66BF117668F}.AppStore|ARM.Build.0 = Release|Any CPU
		{C057C21B-AEA0-4728-9423-D66BF117668F}.AppStore|iPhone.ActiveCfg = Release|Any CPU
		{C057C21B-AEA0-4728-9423-D66BF117668F}.AppStore|iPhone.Build.0 = Release|Any CPU
		{C057C21B-AEA0-4728-9423-D66BF117668F}.AppStore|iPhoneSimulator.ActiveCfg = Release|Any CPU
		{C057C21B-AEA0-4728-9423-D66BF117668F}.AppStore|iPhoneSimulator.Build.0 = Release|Any CPU
		{C057C21B-AEA0-4728-9423-D66BF117668F}.AppStore|x64.ActiveCfg = Release|Any CPU
		{C057C21B-AEA0-4728-9423-D66BF117668F}.AppStore|x64.Build.0 = Release|Any CPU
		{C057C21B-AEA0-4728-9423-D66BF117668F}.AppStore|x86.ActiveCfg = Release|Any CPU
		{C057C21B-AEA0-4728-9423-D66BF117668F}.AppStore|x86.Build.0 = Release|Any CPU
		{C057C21B-AEA0-4728-9423-D66BF117668F}.Debug|Any CPU.ActiveCfg = Debug|Any CPU
		{C057C21B-AEA0-4728-9423-D66BF117668F}.Debug|Any CPU.Build.0 = Debug|Any CPU
		{C057C21B-AEA0-4728-9423-D66BF117668F}.Debug|ARM.ActiveCfg = Debug|Any CPU
		{C057C21B-AEA0-4728-9423-D66BF117668F}.Debug|ARM.Build.0 = Debug|Any CPU
		{C057C21B-AEA0-4728-9423-D66BF117668F}.Debug|iPhone.ActiveCfg = Debug|Any CPU
		{C057C21B-AEA0-4728-9423-D66BF117668F}.Debug|iPhone.Build.0 = Debug|Any CPU
		{C057C21B-AEA0-4728-9423-D66BF117668F}.Debug|iPhoneSimulator.ActiveCfg = Debug|Any CPU
		{C057C21B-AEA0-4728-9423-D66BF117668F}.Debug|iPhoneSimulator.Build.0 = Debug|Any CPU
		{C057C21B-AEA0-4728-9423-D66BF117668F}.Debug|x64.ActiveCfg = Debug|Any CPU
		{C057C21B-AEA0-4728-9423-D66BF117668F}.Debug|x64.Build.0 = Debug|Any CPU
		{C057C21B-AEA0-4728-9423-D66BF117668F}.Debug|x86.ActiveCfg = Debug|Any CPU
		{C057C21B-AEA0-4728-9423-D66BF117668F}.Debug|x86.Build.0 = Debug|Any CPU
		{C057C21B-AEA0-4728-9423-D66BF117668F}.Release|Any CPU.ActiveCfg = Release|Any CPU
		{C057C21B-AEA0-4728-9423-D66BF117668F}.Release|Any CPU.Build.0 = Release|Any CPU
		{C057C21B-AEA0-4728-9423-D66BF117668F}.Release|ARM.ActiveCfg = Release|Any CPU
		{C057C21B-AEA0-4728-9423-D66BF117668F}.Release|ARM.Build.0 = Release|Any CPU
		{C057C21B-AEA0-4728-9423-D66BF117668F}.Release|iPhone.ActiveCfg = Release|Any CPU
		{C057C21B-AEA0-4728-9423-D66BF117668F}.Release|iPhone.Build.0 = Release|Any CPU
		{C057C21B-AEA0-4728-9423-D66BF117668F}.Release|iPhoneSimulator.ActiveCfg = Release|Any CPU
		{C057C21B-AEA0-4728-9423-D66BF117668F}.Release|iPhoneSimulator.Build.0 = Release|Any CPU
		{C057C21B-AEA0-4728-9423-D66BF117668F}.Release|x64.ActiveCfg = Release|Any CPU
		{C057C21B-AEA0-4728-9423-D66BF117668F}.Release|x64.Build.0 = Release|Any CPU
		{C057C21B-AEA0-4728-9423-D66BF117668F}.Release|x86.ActiveCfg = Release|Any CPU
		{C057C21B-AEA0-4728-9423-D66BF117668F}.Release|x86.Build.0 = Release|Any CPU
		{EE6378DA-D28C-4E14-9FFC-75FBAF34E0BE}.Ad-Hoc|Any CPU.ActiveCfg = Release|x86
		{EE6378DA-D28C-4E14-9FFC-75FBAF34E0BE}.Ad-Hoc|Any CPU.Build.0 = Release|x86
		{EE6378DA-D28C-4E14-9FFC-75FBAF34E0BE}.Ad-Hoc|Any CPU.Deploy.0 = Release|x86
		{EE6378DA-D28C-4E14-9FFC-75FBAF34E0BE}.Ad-Hoc|ARM.ActiveCfg = Release|ARM
		{EE6378DA-D28C-4E14-9FFC-75FBAF34E0BE}.Ad-Hoc|ARM.Build.0 = Release|ARM
		{EE6378DA-D28C-4E14-9FFC-75FBAF34E0BE}.Ad-Hoc|ARM.Deploy.0 = Release|ARM
		{EE6378DA-D28C-4E14-9FFC-75FBAF34E0BE}.Ad-Hoc|iPhone.ActiveCfg = Release|x86
		{EE6378DA-D28C-4E14-9FFC-75FBAF34E0BE}.Ad-Hoc|iPhone.Build.0 = Release|x86
		{EE6378DA-D28C-4E14-9FFC-75FBAF34E0BE}.Ad-Hoc|iPhone.Deploy.0 = Release|x86
		{EE6378DA-D28C-4E14-9FFC-75FBAF34E0BE}.Ad-Hoc|iPhoneSimulator.ActiveCfg = Release|x86
		{EE6378DA-D28C-4E14-9FFC-75FBAF34E0BE}.Ad-Hoc|iPhoneSimulator.Build.0 = Release|x86
		{EE6378DA-D28C-4E14-9FFC-75FBAF34E0BE}.Ad-Hoc|iPhoneSimulator.Deploy.0 = Release|x86
		{EE6378DA-D28C-4E14-9FFC-75FBAF34E0BE}.Ad-Hoc|x64.ActiveCfg = Release|x64
		{EE6378DA-D28C-4E14-9FFC-75FBAF34E0BE}.Ad-Hoc|x64.Build.0 = Release|x64
		{EE6378DA-D28C-4E14-9FFC-75FBAF34E0BE}.Ad-Hoc|x64.Deploy.0 = Release|x64
		{EE6378DA-D28C-4E14-9FFC-75FBAF34E0BE}.Ad-Hoc|x86.ActiveCfg = Release|x86
		{EE6378DA-D28C-4E14-9FFC-75FBAF34E0BE}.Ad-Hoc|x86.Build.0 = Release|x86
		{EE6378DA-D28C-4E14-9FFC-75FBAF34E0BE}.Ad-Hoc|x86.Deploy.0 = Release|x86
		{EE6378DA-D28C-4E14-9FFC-75FBAF34E0BE}.AppStore|Any CPU.ActiveCfg = Release|x86
		{EE6378DA-D28C-4E14-9FFC-75FBAF34E0BE}.AppStore|Any CPU.Build.0 = Release|x86
		{EE6378DA-D28C-4E14-9FFC-75FBAF34E0BE}.AppStore|Any CPU.Deploy.0 = Release|x86
		{EE6378DA-D28C-4E14-9FFC-75FBAF34E0BE}.AppStore|ARM.ActiveCfg = Release|ARM
		{EE6378DA-D28C-4E14-9FFC-75FBAF34E0BE}.AppStore|ARM.Build.0 = Release|ARM
		{EE6378DA-D28C-4E14-9FFC-75FBAF34E0BE}.AppStore|ARM.Deploy.0 = Release|ARM
		{EE6378DA-D28C-4E14-9FFC-75FBAF34E0BE}.AppStore|iPhone.ActiveCfg = Release|x86
		{EE6378DA-D28C-4E14-9FFC-75FBAF34E0BE}.AppStore|iPhone.Build.0 = Release|x86
		{EE6378DA-D28C-4E14-9FFC-75FBAF34E0BE}.AppStore|iPhone.Deploy.0 = Release|x86
		{EE6378DA-D28C-4E14-9FFC-75FBAF34E0BE}.AppStore|iPhoneSimulator.ActiveCfg = Release|x86
		{EE6378DA-D28C-4E14-9FFC-75FBAF34E0BE}.AppStore|iPhoneSimulator.Build.0 = Release|x86
		{EE6378DA-D28C-4E14-9FFC-75FBAF34E0BE}.AppStore|iPhoneSimulator.Deploy.0 = Release|x86
		{EE6378DA-D28C-4E14-9FFC-75FBAF34E0BE}.AppStore|x64.ActiveCfg = Release|x64
		{EE6378DA-D28C-4E14-9FFC-75FBAF34E0BE}.AppStore|x64.Build.0 = Release|x64
		{EE6378DA-D28C-4E14-9FFC-75FBAF34E0BE}.AppStore|x64.Deploy.0 = Release|x64
		{EE6378DA-D28C-4E14-9FFC-75FBAF34E0BE}.AppStore|x86.ActiveCfg = Release|x86
		{EE6378DA-D28C-4E14-9FFC-75FBAF34E0BE}.AppStore|x86.Build.0 = Release|x86
		{EE6378DA-D28C-4E14-9FFC-75FBAF34E0BE}.AppStore|x86.Deploy.0 = Release|x86
		{EE6378DA-D28C-4E14-9FFC-75FBAF34E0BE}.Debug|Any CPU.ActiveCfg = Debug|x86
		{EE6378DA-D28C-4E14-9FFC-75FBAF34E0BE}.Debug|ARM.ActiveCfg = Debug|ARM
		{EE6378DA-D28C-4E14-9FFC-75FBAF34E0BE}.Debug|ARM.Build.0 = Debug|ARM
		{EE6378DA-D28C-4E14-9FFC-75FBAF34E0BE}.Debug|ARM.Deploy.0 = Debug|ARM
		{EE6378DA-D28C-4E14-9FFC-75FBAF34E0BE}.Debug|iPhone.ActiveCfg = Debug|x86
		{EE6378DA-D28C-4E14-9FFC-75FBAF34E0BE}.Debug|iPhoneSimulator.ActiveCfg = Debug|x86
		{EE6378DA-D28C-4E14-9FFC-75FBAF34E0BE}.Debug|x64.ActiveCfg = Debug|x64
		{EE6378DA-D28C-4E14-9FFC-75FBAF34E0BE}.Debug|x64.Build.0 = Debug|x64
		{EE6378DA-D28C-4E14-9FFC-75FBAF34E0BE}.Debug|x64.Deploy.0 = Debug|x64
		{EE6378DA-D28C-4E14-9FFC-75FBAF34E0BE}.Debug|x86.ActiveCfg = Debug|x86
		{EE6378DA-D28C-4E14-9FFC-75FBAF34E0BE}.Debug|x86.Build.0 = Debug|x86
		{EE6378DA-D28C-4E14-9FFC-75FBAF34E0BE}.Debug|x86.Deploy.0 = Debug|x86
		{EE6378DA-D28C-4E14-9FFC-75FBAF34E0BE}.Release|Any CPU.ActiveCfg = Release|x86
		{EE6378DA-D28C-4E14-9FFC-75FBAF34E0BE}.Release|ARM.ActiveCfg = Release|ARM
		{EE6378DA-D28C-4E14-9FFC-75FBAF34E0BE}.Release|ARM.Build.0 = Release|ARM
		{EE6378DA-D28C-4E14-9FFC-75FBAF34E0BE}.Release|ARM.Deploy.0 = Release|ARM
		{EE6378DA-D28C-4E14-9FFC-75FBAF34E0BE}.Release|iPhone.ActiveCfg = Release|x86
		{EE6378DA-D28C-4E14-9FFC-75FBAF34E0BE}.Release|iPhoneSimulator.ActiveCfg = Release|x86
		{EE6378DA-D28C-4E14-9FFC-75FBAF34E0BE}.Release|x64.ActiveCfg = Release|x64
		{EE6378DA-D28C-4E14-9FFC-75FBAF34E0BE}.Release|x64.Build.0 = Release|x64
		{EE6378DA-D28C-4E14-9FFC-75FBAF34E0BE}.Release|x64.Deploy.0 = Release|x64
		{EE6378DA-D28C-4E14-9FFC-75FBAF34E0BE}.Release|x86.ActiveCfg = Release|x86
		{EE6378DA-D28C-4E14-9FFC-75FBAF34E0BE}.Release|x86.Build.0 = Release|x86
		{EE6378DA-D28C-4E14-9FFC-75FBAF34E0BE}.Release|x86.Deploy.0 = Release|x86
		{B5D3F745-B13F-47A0-9DDB-7382C96D37C9}.Ad-Hoc|Any CPU.ActiveCfg = Ad-Hoc|iPhone
		{B5D3F745-B13F-47A0-9DDB-7382C96D37C9}.Ad-Hoc|ARM.ActiveCfg = Ad-Hoc|iPhone
		{B5D3F745-B13F-47A0-9DDB-7382C96D37C9}.Ad-Hoc|iPhone.ActiveCfg = Ad-Hoc|iPhone
		{B5D3F745-B13F-47A0-9DDB-7382C96D37C9}.Ad-Hoc|iPhone.Build.0 = Ad-Hoc|iPhone
		{B5D3F745-B13F-47A0-9DDB-7382C96D37C9}.Ad-Hoc|iPhoneSimulator.ActiveCfg = Ad-Hoc|iPhoneSimulator
		{B5D3F745-B13F-47A0-9DDB-7382C96D37C9}.Ad-Hoc|iPhoneSimulator.Build.0 = Ad-Hoc|iPhoneSimulator
		{B5D3F745-B13F-47A0-9DDB-7382C96D37C9}.Ad-Hoc|x64.ActiveCfg = Ad-Hoc|iPhone
		{B5D3F745-B13F-47A0-9DDB-7382C96D37C9}.Ad-Hoc|x86.ActiveCfg = Ad-Hoc|iPhone
		{B5D3F745-B13F-47A0-9DDB-7382C96D37C9}.AppStore|Any CPU.ActiveCfg = AppStore|iPhone
		{B5D3F745-B13F-47A0-9DDB-7382C96D37C9}.AppStore|ARM.ActiveCfg = AppStore|iPhone
		{B5D3F745-B13F-47A0-9DDB-7382C96D37C9}.AppStore|iPhone.ActiveCfg = AppStore|iPhone
		{B5D3F745-B13F-47A0-9DDB-7382C96D37C9}.AppStore|iPhone.Build.0 = AppStore|iPhone
		{B5D3F745-B13F-47A0-9DDB-7382C96D37C9}.AppStore|iPhoneSimulator.ActiveCfg = AppStore|iPhoneSimulator
		{B5D3F745-B13F-47A0-9DDB-7382C96D37C9}.AppStore|iPhoneSimulator.Build.0 = AppStore|iPhoneSimulator
		{B5D3F745-B13F-47A0-9DDB-7382C96D37C9}.AppStore|x64.ActiveCfg = AppStore|iPhone
		{B5D3F745-B13F-47A0-9DDB-7382C96D37C9}.AppStore|x86.ActiveCfg = AppStore|iPhone
		{B5D3F745-B13F-47A0-9DDB-7382C96D37C9}.Debug|Any CPU.ActiveCfg = Debug|iPhone
		{B5D3F745-B13F-47A0-9DDB-7382C96D37C9}.Debug|ARM.ActiveCfg = Debug|iPhone
		{B5D3F745-B13F-47A0-9DDB-7382C96D37C9}.Debug|iPhone.ActiveCfg = Debug|iPhone
		{B5D3F745-B13F-47A0-9DDB-7382C96D37C9}.Debug|iPhone.Build.0 = Debug|iPhone
		{B5D3F745-B13F-47A0-9DDB-7382C96D37C9}.Debug|iPhoneSimulator.ActiveCfg = Debug|iPhoneSimulator
		{B5D3F745-B13F-47A0-9DDB-7382C96D37C9}.Debug|iPhoneSimulator.Build.0 = Debug|iPhoneSimulator
		{B5D3F745-B13F-47A0-9DDB-7382C96D37C9}.Debug|x64.ActiveCfg = Debug|iPhone
		{B5D3F745-B13F-47A0-9DDB-7382C96D37C9}.Debug|x86.ActiveCfg = Debug|iPhone
		{B5D3F745-B13F-47A0-9DDB-7382C96D37C9}.Release|Any CPU.ActiveCfg = Release|iPhone
		{B5D3F745-B13F-47A0-9DDB-7382C96D37C9}.Release|ARM.ActiveCfg = Release|iPhone
		{B5D3F745-B13F-47A0-9DDB-7382C96D37C9}.Release|iPhone.ActiveCfg = Release|iPhone
		{B5D3F745-B13F-47A0-9DDB-7382C96D37C9}.Release|iPhone.Build.0 = Release|iPhone
		{B5D3F745-B13F-47A0-9DDB-7382C96D37C9}.Release|iPhoneSimulator.ActiveCfg = Release|iPhoneSimulator
		{B5D3F745-B13F-47A0-9DDB-7382C96D37C9}.Release|iPhoneSimulator.Build.0 = Release|iPhoneSimulator
		{B5D3F745-B13F-47A0-9DDB-7382C96D37C9}.Release|x64.ActiveCfg = Release|iPhone
		{B5D3F745-B13F-47A0-9DDB-7382C96D37C9}.Release|x86.ActiveCfg = Release|iPhone
	EndGlobalSection
	GlobalSection(SolutionProperties) = preSolution
		HideSolutionNode = FALSE
	EndGlobalSection
EndGlobal
